<?xml version="1.0" encoding="utf-8"?>
<Project ToolsVersion="4.0" xmlns="http://schemas.microsoft.com/developer/msbuild/2003">
  <ItemGroup>
    <Filter Include="cudabasic">
      <UniqueIdentifier>{9696634c-b5da-434c-87f0-70560c5a05d2}</UniqueIdentifier>
    </Filter>
    <Filter Include="dnnbasic">
      <UniqueIdentifier>{a64eaf53-7ffd-4c07-bcc0-f993aa5c557c}</UniqueIdentifier>
    </Filter>
    <Filter Include="dnnbasic\tensor">
      <UniqueIdentifier>{f1cbdce8-2c56-44b2-b7e9-a8eb37962d90}</UniqueIdentifier>
    </Filter>
    <Filter Include="dnnbasic\tensor\kernels">
      <UniqueIdentifier>{c88f6df9-412e-4f85-9385-061781c0c228}</UniqueIdentifier>
    </Filter>
    <Filter Include="dnnbasic\tensor\operators">
      <UniqueIdentifier>{d44efa9d-3eab-405a-a134-e3e774994e84}</UniqueIdentifier>
    </Filter>
  </ItemGroup>
  <ItemGroup>
    <ClInclude Include="..\..\..\CudaBasicClasses\cpuGpuArray.h">
      <Filter>cudabasic</Filter>
    </ClInclude>
    <ClInclude Include="..\..\..\CudaBasicClasses\cpuGpuObject.h">
      <Filter>cudabasic</Filter>
    </ClInclude>
    <ClInclude Include="..\..\..\CudaBasicClasses\cpuGpuTransporter.h">
      <Filter>cudabasic</Filter>
    </ClInclude>
    <ClInclude Include="..\..\..\CudaBasicClasses\cudaBasics.h">
      <Filter>cudabasic</Filter>
    </ClInclude>
    <ClInclude Include="..\..\..\CudaBasicClasses\cudaBench.h">
      <Filter>cudabasic</Filter>
    </ClInclude>
    <ClInclude Include="..\..\..\CudaBasicClasses\cudaStream.h">
      <Filter>cudabasic</Filter>
    </ClInclude>
    <ClInclude Include="..\..\..\CudaBasicClasses\cudaTimer.h">
      <Filter>cudabasic</Filter>
    </ClInclude>
    <ClInclude Include="..\..\..\CudaBasicClasses\gpuArray.h">
      <Filter>cudabasic</Filter>
    </ClInclude>
    <ClInclude Include="..\..\..\CudaBasicClasses\matrix.h">
      <Filter>cudabasic</Filter>
    </ClInclude>
    <ClInclude Include="..\..\..\CudaBasicClasses\span.h">
      <Filter>cudabasic</Filter>
    </ClInclude>
    <ClInclude Include="FBPropagation.h">
      <Filter>dnnbasic</Filter>
    </ClInclude>
    <ClInclude Include="Functions.h">
      <Filter>dnnbasic</Filter>
    </ClInclude>
    <ClInclude Include="Layer.h">
      <Filter>dnnbasic</Filter>
    </ClInclude>
    <ClInclude Include="matrix.h">
      <Filter>dnnbasic</Filter>
    </ClInclude>
    <ClInclude Include="Tensor.h">
      <Filter>dnnbasic\tensor</Filter>
    </ClInclude>
    <ClInclude Include="tensor_def.h">
      <Filter>dnnbasic\tensor</Filter>
    </ClInclude>
    <ClInclude Include="tensor_elementwise_kernels.cuh">
      <Filter>dnnbasic\tensor\kernels</Filter>
    </ClInclude>
    <ClInclude Include="tensor_matrix_kernels.cuh">
      <Filter>dnnbasic\tensor\kernels</Filter>
    </ClInclude>
    <ClInclude Include="tensor_elementwise_operators.h">
      <Filter>dnnbasic\tensor\operators</Filter>
    </ClInclude>
  </ItemGroup>
  <ItemGroup>
    <ClCompile Include="..\..\..\CudaBasicClasses\cudaBasics.cpp">
      <Filter>cudabasic</Filter>
    </ClCompile>
    <ClCompile Include="..\..\..\CudaBasicClasses\cudaStream.cpp">
      <Filter>cudabasic</Filter>
    </ClCompile>
    <ClCompile Include="..\..\..\CudaBasicClasses\cudaTimer.cpp">
      <Filter>cudabasic</Filter>
    </ClCompile>
    <ClCompile Include="tensor_def.cpp">
      <Filter>dnnbasic\tensor</Filter>
    </ClCompile>
    <ClCompile Include="tensor_permute.cpp">
      <Filter>dnnbasic\tensor\operators</Filter>
    </ClCompile>
    <ClCompile Include="tensor_matrixMultiply.cpp">
      <Filter>dnnbasic\tensor\operators</Filter>
    </ClCompile>
  </ItemGroup>
  <ItemGroup>
    <CudaCompile Include="tensor_elementwise_kernels.cu">
      <Filter>dnnbasic\tensor\kernels</Filter>
    </CudaCompile>
    <CudaCompile Include="tensor_matrix_kernels.cu">
      <Filter>dnnbasic\tensor\kernels</Filter>
    </CudaCompile>
  </ItemGroup>
</Project>