<?xml version="1.0" encoding="utf-8"?>
<Project ToolsVersion="4.0" xmlns="http://schemas.microsoft.com/developer/msbuild/2003">
  <ItemGroup>
    <Filter Include="Source Files">
      <UniqueIdentifier>{4FC737F1-C7A5-4376-A066-2A32D752A2FF}</UniqueIdentifier>
      <Extensions>cpp;c;cc;cxx;c++;cppm;ixx;def;odl;idl;hpj;bat;asm;asmx</Extensions>
    </Filter>
    <Filter Include="Header Files">
      <UniqueIdentifier>{93995380-89BD-4b04-88EB-625FBE52EBFB}</UniqueIdentifier>
      <Extensions>h;hh;hpp;hxx;h++;hm;inl;inc;ipp;xsd</Extensions>
    </Filter>
    <Filter Include="Resource Files">
      <UniqueIdentifier>{67DA6AB6-F800-4c08-8B7A-83BB121AAD01}</UniqueIdentifier>
      <Extensions>rc;ico;cur;bmp;dlg;rc2;rct;bin;rgs;gif;jpg;jpeg;jpe;resx;tiff;tif;png;wav;mfcribbon-ms</Extensions>
    </Filter>
    <Filter Include="Header Files\cudabasic">
      <UniqueIdentifier>{b1925685-bb36-4869-8144-5a60137da2e1}</UniqueIdentifier>
    </Filter>
    <Filter Include="Header Files\dnnbasic">
      <UniqueIdentifier>{7c4435dd-b7dc-4b64-b22f-3f2fa63086e9}</UniqueIdentifier>
    </Filter>
  </ItemGroup>
  <ItemGroup>
    <ClInclude Include="..\..\..\CudaBasicClasses\cpuGpuArray.h">
      <Filter>Header Files\cudabasic</Filter>
    </ClInclude>
    <ClInclude Include="..\..\..\CudaBasicClasses\cpuGpuObject.h">
      <Filter>Header Files\cudabasic</Filter>
    </ClInclude>
    <ClInclude Include="..\..\..\CudaBasicClasses\cpuGpuTransporter.h">
      <Filter>Header Files\cudabasic</Filter>
    </ClInclude>
    <ClInclude Include="..\..\..\CudaBasicClasses\cudaBasics.h">
      <Filter>Header Files\cudabasic</Filter>
    </ClInclude>
    <ClInclude Include="..\..\..\CudaBasicClasses\cudaBench.h">
      <Filter>Header Files\cudabasic</Filter>
    </ClInclude>
    <ClInclude Include="..\..\..\CudaBasicClasses\cudaStream.h">
      <Filter>Header Files\cudabasic</Filter>
    </ClInclude>
    <ClInclude Include="..\..\..\CudaBasicClasses\cudaTimer.h">
      <Filter>Header Files\cudabasic</Filter>
    </ClInclude>
    <ClInclude Include="..\..\..\CudaBasicClasses\gpuArray.h">
      <Filter>Header Files\cudabasic</Filter>
    </ClInclude>
    <ClInclude Include="..\..\..\CudaBasicClasses\matrix.h">
      <Filter>Header Files\cudabasic</Filter>
    </ClInclude>
    <ClInclude Include="..\..\..\CudaBasicClasses\span.h">
      <Filter>Header Files\cudabasic</Filter>
    </ClInclude>
    <ClInclude Include="..\DNNBasic\FBPropagation.h">
      <Filter>Header Files\dnnbasic</Filter>
    </ClInclude>
    <ClInclude Include="..\DNNBasic\Functions.h">
      <Filter>Header Files\dnnbasic</Filter>
    </ClInclude>
    <ClInclude Include="..\DNNBasic\Layer.h">
      <Filter>Header Files\dnnbasic</Filter>
    </ClInclude>
    <ClInclude Include="..\DNNBasic\matrix.h">
      <Filter>Header Files\dnnbasic</Filter>
    </ClInclude>
    <ClInclude Include="test_tools.h">
      <Filter>Source Files</Filter>
    </ClInclude>
    <ClInclude Include="..\DNNBasic\tensor.h">
      <Filter>Header Files\dnnbasic</Filter>
    </ClInclude>
  </ItemGroup>
  <ItemGroup>
    <ClCompile Include="tensor_elementwise_operator_tests.cpp">
      <Filter>Source Files</Filter>
    </ClCompile>
    <ClCompile Include="tensor_matrix_operator_tests.cpp">
      <Filter>Source Files</Filter>
    </ClCompile>
  </ItemGroup>
</Project>